
Microsoft Visual Studio Solution File, Format Version 12.00
# Visual Studio 15
VisualStudioVersion = 15.0.26730.16
MinimumVisualStudioVersion = 10.0.40219.1
Project("{9A19103F-16F7-4668-BE54-9A1E7A4F7556}") = "MyTMS.Web", "MyTMS.Web\MyTMS.Web.csproj", "{4FB1A3D3-9057-4FD4-80B0-8315E6C21DBF}"
EndProject
Project("{FAE04EC0-301F-11D3-BF4B-00C04F79EFBC}") = "MyTMS.Api", "MyTMS.Api\MyTMS.Api.csproj", "{98BDC4D5-62AD-4D4C-8494-4888BD895BF9}"
EndProject
Project("{E53339B2-1760-4266-BCC7-CA923CBCF16C}") = "docker-compose", "docker-compose.dcproj", "{2ACEE763-2EA1-411E-82B3-0A08B8C0D9B7}"
EndProject
Project("{FAE04EC0-301F-11D3-BF4B-00C04F79EFBC}") = "MyTMS.Domain", "MyTMS.Domain\MyTMS.Domain.csproj", "{C4D2F4D6-E5DA-4DD8-90C6-20078F6CCE13}"
EndProject
Project("{9A19103F-16F7-4668-BE54-9A1E7A4F7556}") = "MyTMS.Data", "MyTMS.Data\MyTMS.Data.csproj", "{A62BD85D-F87C-478A-A66A-FE861BDF1D6E}"
EndProject
Global
	GlobalSection(SolutionConfigurationPlatforms) = preSolution
		Debug|Any CPU = Debug|Any CPU
		Release|Any CPU = Release|Any CPU
	EndGlobalSection
	GlobalSection(ProjectConfigurationPlatforms) = postSolution
		{4FB1A3D3-9057-4FD4-80B0-8315E6C21DBF}.Debug|Any CPU.ActiveCfg = Debug|Any CPU
		{4FB1A3D3-9057-4FD4-80B0-8315E6C21DBF}.Debug|Any CPU.Build.0 = Debug|Any CPU
		{4FB1A3D3-9057-4FD4-80B0-8315E6C21DBF}.Release|Any CPU.ActiveCfg = Release|Any CPU
		{4FB1A3D3-9057-4FD4-80B0-8315E6C21DBF}.Release|Any CPU.Build.0 = Release|Any CPU
		{98BDC4D5-62AD-4D4C-8494-4888BD895BF9}.Debug|Any CPU.ActiveCfg = Debug|Any CPU
		{98BDC4D5-62AD-4D4C-8494-4888BD895BF9}.Debug|Any CPU.Build.0 = Debug|Any CPU
		{98BDC4D5-62AD-4D4C-8494-4888BD895BF9}.Release|Any CPU.ActiveCfg = Release|Any CPU
		{98BDC4D5-62AD-4D4C-8494-4888BD895BF9}.Release|Any CPU.Build.0 = Release|Any CPU
		{2ACEE763-2EA1-411E-82B3-0A08B8C0D9B7}.Debug|Any CPU.ActiveCfg = Debug|Any CPU
		{2ACEE763-2EA1-411E-82B3-0A08B8C0D9B7}.Debug|Any CPU.Build.0 = Debug|Any CPU
		{2ACEE763-2EA1-411E-82B3-0A08B8C0D9B7}.Release|Any CPU.ActiveCfg = Release|Any CPU
		{2ACEE763-2EA1-411E-82B3-0A08B8C0D9B7}.Release|Any CPU.Build.0 = Release|Any CPU
		{C4D2F4D6-E5DA-4DD8-90C6-20078F6CCE13}.Debug|Any CPU.ActiveCfg = Debug|Any CPU
		{C4D2F4D6-E5DA-4DD8-90C6-20078F6CCE13}.Debug|Any CPU.Build.0 = Debug|Any CPU
		{C4D2F4D6-E5DA-4DD8-90C6-20078F6CCE13}.Release|Any CPU.ActiveCfg = Release|Any CPU
		{C4D2F4D6-E5DA-4DD8-90C6-20078F6CCE13}.Release|Any CPU.Build.0 = Release|Any CPU
		{A62BD85D-F87C-478A-A66A-FE861BDF1D6E}.Debug|Any CPU.ActiveCfg = Debug|Any CPU
		{A62BD85D-F87C-478A-A66A-FE861BDF1D6E}.Debug|Any CPU.Build.0 = Debug|Any CPU
		{A62BD85D-F87C-478A-A66A-FE861BDF1D6E}.Release|Any CPU.ActiveCfg = Release|Any CPU
		{A62BD85D-F87C-478A-A66A-FE861BDF1D6E}.Release|Any CPU.Build.0 = Release|Any CPU
	EndGlobalSection
	GlobalSection(SolutionProperties) = preSolution
		HideSolutionNode = FALSE
	EndGlobalSection
	GlobalSection(ExtensibilityGlobals) = postSolution
		SolutionGuid = {AFDB0B50-56AB-4144-B4DA-3486387768F9}
	EndGlobalSection
EndGlobal
